
Microsoft Visual Studio Solution File, Format Version 12.00
# Visual Studio Version 16
VisualStudioVersion = 16.0.31205.134
MinimumVisualStudioVersion = 10.0.40219.1
Project("{9A19103F-16F7-4668-BE54-9A1E7A4F7556}") = "Trabalho2Ruben", "Trabalho2Ruben\Trabalho2Ruben.csproj", "{1E8B9563-884A-4D0D-BF79-439E6B2362D9}"
EndProject
Project("{9A19103F-16F7-4668-BE54-9A1E7A4F7556}") = "exercicio 1 , ficha 1", "exercicio 1 , ficha 1\exercicio 1 , ficha 1.csproj", "{D7E457A5-D783-493C-B086-FA2ECEF91692}"
EndProject
Project("{9A19103F-16F7-4668-BE54-9A1E7A4F7556}") = "exercico 2, ficha 1", "exercico 2, ficha 1\exercico 2, ficha 1.csproj", "{B4AF44B7-D2BB-4E7E-B155-40527FE00870}"
EndProject
Project("{9A19103F-16F7-4668-BE54-9A1E7A4F7556}") = "exerc 3, ficha 1", "exerc 3, ficha 1\exerc 3, ficha 1.csproj", "{DD46AEDC-E6EA-448C-B7E2-EEE37162A3D3}"
EndProject
Project("{9A19103F-16F7-4668-BE54-9A1E7A4F7556}") = "exercicio D, ficha 1", "exercicio D, ficha 1\exercicio D, ficha 1.csproj", "{F3BBC49C-1F07-4B4D-825D-7F04E6C772AA}"
EndProject
Project("{9A19103F-16F7-4668-BE54-9A1E7A4F7556}") = "exer E, ficha 1", "exer E, ficha 1\exer E, ficha 1.csproj", "{FAD052EB-1798-4EE1-A6D2-C2072BA1BA73}"
EndProject
Project("{9A19103F-16F7-4668-BE54-9A1E7A4F7556}") = "o verdadeiro E", "o verdadeiro E\o verdadeiro E.csproj", "{FCE4011C-A26F-40EC-A242-FC8F226B620E}"
EndProject
Project("{9A19103F-16F7-4668-BE54-9A1E7A4F7556}") = "exer F, pl1", "exer F, pl1\exer F, pl1.csproj", "{51BBB89E-B0D6-4A44-BEF1-612F212390DB}"
EndProject
Project("{9A19103F-16F7-4668-BE54-9A1E7A4F7556}") = "exer g- fich1", "exer g- fich1\exer g- fich1.csproj", "{8D80709F-70F5-4790-ACD8-EDC434EF8E44}"
EndProject
Project("{9A19103F-16F7-4668-BE54-9A1E7A4F7556}") = "exer H , pl1", "exer H , pl1\exer H , pl1.csproj", "{93C7CAD5-B3D9-4F9A-860A-D3F5B54E5EE3}"
EndProject
Project("{9A19103F-16F7-4668-BE54-9A1E7A4F7556}") = "exer I, pl1", "exer I, pl1\exer I, pl1.csproj", "{9B3437DE-31A9-435A-ADC6-FADE6BD76CFB}"
EndProject
Project("{9A19103F-16F7-4668-BE54-9A1E7A4F7556}") = "Exer J- pl1", "Exer J- pl1\Exer J- pl1.csproj", "{7662ED7E-15FD-44FF-AB3C-91D27A64A8D8}"
EndProject
Project("{9A19103F-16F7-4668-BE54-9A1E7A4F7556}") = "exer k - pl1", "exer k - pl1\exer k - pl1.csproj", "{0E9ABC5D-9AD3-4B01-8C12-26B549E4FF39}"
EndProject
Project("{9A19103F-16F7-4668-BE54-9A1E7A4F7556}") = "exer L, pl1", "exer m, pl1\exer L, pl1.csproj", "{C73E0B1F-4496-407E-B527-D883257A37CA}"
EndProject
Project("{9A19103F-16F7-4668-BE54-9A1E7A4F7556}") = "exer m, pl1", "exer m, pl1\exer m, pl1.csproj", "{F0DB714B-31EC-4C68-A4B0-77DBE0C25A86}"
EndProject
Project("{9A19103F-16F7-4668-BE54-9A1E7A4F7556}") = "exer1-pl2", "exer1-pl2\exer1-pl2.csproj", "{77BA84E5-1DB2-4146-B6D1-F734675A0B44}"
EndProject
Project("{9A19103F-16F7-4668-BE54-9A1E7A4F7556}") = "exer 1, opcaço2. pl2", "exer 2. pl2\exer 1, opcaço2. pl2.csproj", "{A2A02E61-59EA-46E7-BD85-1DF7BF0DBF68}"
EndProject
Project("{FAE04EC0-301F-11D3-BF4B-00C04F79EFBC}") = "EXER 2, PL2", "EXER 2, PL2\EXER 2, PL2.csproj", "{E9CC7F47-0C77-4359-8D0C-81BB38D3277D}"
EndProject
Global
	GlobalSection(SolutionConfigurationPlatforms) = preSolution
		Debug|Any CPU = Debug|Any CPU
		Debug|x64 = Debug|x64
		Debug|x86 = Debug|x86
		Release|Any CPU = Release|Any CPU
		Release|x64 = Release|x64
		Release|x86 = Release|x86
	EndGlobalSection
	GlobalSection(ProjectConfigurationPlatforms) = postSolution
		{1E8B9563-884A-4D0D-BF79-439E6B2362D9}.Debug|Any CPU.ActiveCfg = Debug|Any CPU
		{1E8B9563-884A-4D0D-BF79-439E6B2362D9}.Debug|Any CPU.Build.0 = Debug|Any CPU
		{1E8B9563-884A-4D0D-BF79-439E6B2362D9}.Debug|x64.ActiveCfg = Debug|Any CPU
		{1E8B9563-884A-4D0D-BF79-439E6B2362D9}.Debug|x64.Build.0 = Debug|Any CPU
		{1E8B9563-884A-4D0D-BF79-439E6B2362D9}.Debug|x86.ActiveCfg = Debug|Any CPU
		{1E8B9563-884A-4D0D-BF79-439E6B2362D9}.Debug|x86.Build.0 = Debug|Any CPU
		{1E8B9563-884A-4D0D-BF79-439E6B2362D9}.Release|Any CPU.ActiveCfg = Release|Any CPU
		{1E8B9563-884A-4D0D-BF79-439E6B2362D9}.Release|Any CPU.Build.0 = Release|Any CPU
		{1E8B9563-884A-4D0D-BF79-439E6B2362D9}.Release|x64.ActiveCfg = Release|Any CPU
		{1E8B9563-884A-4D0D-BF79-439E6B2362D9}.Release|x64.Build.0 = Release|Any CPU
		{1E8B9563-884A-4D0D-BF79-439E6B2362D9}.Release|x86.ActiveCfg = Release|Any CPU
		{1E8B9563-884A-4D0D-BF79-439E6B2362D9}.Release|x86.Build.0 = Release|Any CPU
		{D7E457A5-D783-493C-B086-FA2ECEF91692}.Debug|Any CPU.ActiveCfg = Debug|Any CPU
		{D7E457A5-D783-493C-B086-FA2ECEF91692}.Debug|Any CPU.Build.0 = Debug|Any CPU
		{D7E457A5-D783-493C-B086-FA2ECEF91692}.Debug|x64.ActiveCfg = Debug|Any CPU
		{D7E457A5-D783-493C-B086-FA2ECEF91692}.Debug|x64.Build.0 = Debug|Any CPU
		{D7E457A5-D783-493C-B086-FA2ECEF91692}.Debug|x86.ActiveCfg = Debug|Any CPU
		{D7E457A5-D783-493C-B086-FA2ECEF91692}.Debug|x86.Build.0 = Debug|Any CPU
		{D7E457A5-D783-493C-B086-FA2ECEF91692}.Release|Any CPU.ActiveCfg = Release|Any CPU
		{D7E457A5-D783-493C-B086-FA2ECEF91692}.Release|Any CPU.Build.0 = Release|Any CPU
		{D7E457A5-D783-493C-B086-FA2ECEF91692}.Release|x64.ActiveCfg = Release|Any CPU
		{D7E457A5-D783-493C-B086-FA2ECEF91692}.Release|x64.Build.0 = Release|Any CPU
		{D7E457A5-D783-493C-B086-FA2ECEF91692}.Release|x86.ActiveCfg = Release|Any CPU
		{D7E457A5-D783-493C-B086-FA2ECEF91692}.Release|x86.Build.0 = Release|Any CPU
		{B4AF44B7-D2BB-4E7E-B155-40527FE00870}.Debug|Any CPU.ActiveCfg = Debug|Any CPU
		{B4AF44B7-D2BB-4E7E-B155-40527FE00870}.Debug|Any CPU.Build.0 = Debug|Any CPU
		{B4AF44B7-D2BB-4E7E-B155-40527FE00870}.Debug|x64.ActiveCfg = Debug|Any CPU
		{B4AF44B7-D2BB-4E7E-B155-40527FE00870}.Debug|x64.Build.0 = Debug|Any CPU
		{B4AF44B7-D2BB-4E7E-B155-40527FE00870}.Debug|x86.ActiveCfg = Debug|Any CPU
		{B4AF44B7-D2BB-4E7E-B155-40527FE00870}.Debug|x86.Build.0 = Debug|Any CPU
		{B4AF44B7-D2BB-4E7E-B155-40527FE00870}.Release|Any CPU.ActiveCfg = Release|Any CPU
		{B4AF44B7-D2BB-4E7E-B155-40527FE00870}.Release|Any CPU.Build.0 = Release|Any CPU
		{B4AF44B7-D2BB-4E7E-B155-40527FE00870}.Release|x64.ActiveCfg = Release|Any CPU
		{B4AF44B7-D2BB-4E7E-B155-40527FE00870}.Release|x64.Build.0 = Release|Any CPU
		{B4AF44B7-D2BB-4E7E-B155-40527FE00870}.Release|x86.ActiveCfg = Release|Any CPU
		{B4AF44B7-D2BB-4E7E-B155-40527FE00870}.Release|x86.Build.0 = Release|Any CPU
		{DD46AEDC-E6EA-448C-B7E2-EEE37162A3D3}.Debug|Any CPU.ActiveCfg = Debug|Any CPU
		{DD46AEDC-E6EA-448C-B7E2-EEE37162A3D3}.Debug|Any CPU.Build.0 = Debug|Any CPU
		{DD46AEDC-E6EA-448C-B7E2-EEE37162A3D3}.Debug|x64.ActiveCfg = Debug|Any CPU
		{DD46AEDC-E6EA-448C-B7E2-EEE37162A3D3}.Debug|x64.Build.0 = Debug|Any CPU
		{DD46AEDC-E6EA-448C-B7E2-EEE37162A3D3}.Debug|x86.ActiveCfg = Debug|Any CPU
		{DD46AEDC-E6EA-448C-B7E2-EEE37162A3D3}.Debug|x86.Build.0 = Debug|Any CPU
		{DD46AEDC-E6EA-448C-B7E2-EEE37162A3D3}.Release|Any CPU.ActiveCfg = Release|Any CPU
		{DD46AEDC-E6EA-448C-B7E2-EEE37162A3D3}.Release|Any CPU.Build.0 = Release|Any CPU
		{DD46AEDC-E6EA-448C-B7E2-EEE37162A3D3}.Release|x64.ActiveCfg = Release|Any CPU
		{DD46AEDC-E6EA-448C-B7E2-EEE37162A3D3}.Release|x64.Build.0 = Release|Any CPU
		{DD46AEDC-E6EA-448C-B7E2-EEE37162A3D3}.Release|x86.ActiveCfg = Release|Any CPU
		{DD46AEDC-E6EA-448C-B7E2-EEE37162A3D3}.Release|x86.Build.0 = Release|Any CPU
		{F3BBC49C-1F07-4B4D-825D-7F04E6C772AA}.Debug|Any CPU.ActiveCfg = Debug|Any CPU
		{F3BBC49C-1F07-4B4D-825D-7F04E6C772AA}.Debug|Any CPU.Build.0 = Debug|Any CPU
		{F3BBC49C-1F07-4B4D-825D-7F04E6C772AA}.Debug|x64.ActiveCfg = Debug|Any CPU
		{F3BBC49C-1F07-4B4D-825D-7F04E6C772AA}.Debug|x64.Build.0 = Debug|Any CPU
		{F3BBC49C-1F07-4B4D-825D-7F04E6C772AA}.Debug|x86.ActiveCfg = Debug|Any CPU
		{F3BBC49C-1F07-4B4D-825D-7F04E6C772AA}.Debug|x86.Build.0 = Debug|Any CPU
		{F3BBC49C-1F07-4B4D-825D-7F04E6C772AA}.Release|Any CPU.ActiveCfg = Release|Any CPU
		{F3BBC49C-1F07-4B4D-825D-7F04E6C772AA}.Release|Any CPU.Build.0 = Release|Any CPU
		{F3BBC49C-1F07-4B4D-825D-7F04E6C772AA}.Release|x64.ActiveCfg = Release|Any CPU
		{F3BBC49C-1F07-4B4D-825D-7F04E6C772AA}.Release|x64.Build.0 = Release|Any CPU
		{F3BBC49C-1F07-4B4D-825D-7F04E6C772AA}.Release|x86.ActiveCfg = Release|Any CPU
		{F3BBC49C-1F07-4B4D-825D-7F04E6C772AA}.Release|x86.Build.0 = Release|Any CPU
		{FAD052EB-1798-4EE1-A6D2-C2072BA1BA73}.Debug|Any CPU.ActiveCfg = Debug|Any CPU
		{FAD052EB-1798-4EE1-A6D2-C2072BA1BA73}.Debug|Any CPU.Build.0 = Debug|Any CPU
		{FAD052EB-1798-4EE1-A6D2-C2072BA1BA73}.Debug|x64.ActiveCfg = Debug|Any CPU
		{FAD052EB-1798-4EE1-A6D2-C2072BA1BA73}.Debug|x64.Build.0 = Debug|Any CPU
		{FAD052EB-1798-4EE1-A6D2-C2072BA1BA73}.Debug|x86.ActiveCfg = Debug|Any CPU
		{FAD052EB-1798-4EE1-A6D2-C2072BA1BA73}.Debug|x86.Build.0 = Debug|Any CPU
		{FAD052EB-1798-4EE1-A6D2-C2072BA1BA73}.Release|Any CPU.ActiveCfg = Release|Any CPU
		{FAD052EB-1798-4EE1-A6D2-C2072BA1BA73}.Release|Any CPU.Build.0 = Release|Any CPU
		{FAD052EB-1798-4EE1-A6D2-C2072BA1BA73}.Release|x64.ActiveCfg = Release|Any CPU
		{FAD052EB-1798-4EE1-A6D2-C2072BA1BA73}.Release|x64.Build.0 = Release|Any CPU
		{FAD052EB-1798-4EE1-A6D2-C2072BA1BA73}.Release|x86.ActiveCfg = Release|Any CPU
		{FAD052EB-1798-4EE1-A6D2-C2072BA1BA73}.Release|x86.Build.0 = Release|Any CPU
		{FCE4011C-A26F-40EC-A242-FC8F226B620E}.Debug|Any CPU.ActiveCfg = Debug|Any CPU
		{FCE4011C-A26F-40EC-A242-FC8F226B620E}.Debug|Any CPU.Build.0 = Debug|Any CPU
		{FCE4011C-A26F-40EC-A242-FC8F226B620E}.Debug|x64.ActiveCfg = Debug|Any CPU
		{FCE4011C-A26F-40EC-A242-FC8F226B620E}.Debug|x64.Build.0 = Debug|Any CPU
		{FCE4011C-A26F-40EC-A242-FC8F226B620E}.Debug|x86.ActiveCfg = Debug|Any CPU
		{FCE4011C-A26F-40EC-A242-FC8F226B620E}.Debug|x86.Build.0 = Debug|Any CPU
		{FCE4011C-A26F-40EC-A242-FC8F226B620E}.Release|Any CPU.ActiveCfg = Release|Any CPU
		{FCE4011C-A26F-40EC-A242-FC8F226B620E}.Release|Any CPU.Build.0 = Release|Any CPU
		{FCE4011C-A26F-40EC-A242-FC8F226B620E}.Release|x64.ActiveCfg = Release|Any CPU
		{FCE4011C-A26F-40EC-A242-FC8F226B620E}.Release|x64.Build.0 = Release|Any CPU
		{FCE4011C-A26F-40EC-A242-FC8F226B620E}.Release|x86.ActiveCfg = Release|Any CPU
		{FCE4011C-A26F-40EC-A242-FC8F226B620E}.Release|x86.Build.0 = Release|Any CPU
		{51BBB89E-B0D6-4A44-BEF1-612F212390DB}.Debug|Any CPU.ActiveCfg = Debug|Any CPU
		{51BBB89E-B0D6-4A44-BEF1-612F212390DB}.Debug|Any CPU.Build.0 = Debug|Any CPU
		{51BBB89E-B0D6-4A44-BEF1-612F212390DB}.Debug|x64.ActiveCfg = Debug|Any CPU
		{51BBB89E-B0D6-4A44-BEF1-612F212390DB}.Debug|x64.Build.0 = Debug|Any CPU
		{51BBB89E-B0D6-4A44-BEF1-612F212390DB}.Debug|x86.ActiveCfg = Debug|Any CPU
		{51BBB89E-B0D6-4A44-BEF1-612F212390DB}.Debug|x86.Build.0 = Debug|Any CPU
		{51BBB89E-B0D6-4A44-BEF1-612F212390DB}.Release|Any CPU.ActiveCfg = Release|Any CPU
		{51BBB89E-B0D6-4A44-BEF1-612F212390DB}.Release|Any CPU.Build.0 = Release|Any CPU
		{51BBB89E-B0D6-4A44-BEF1-612F212390DB}.Release|x64.ActiveCfg = Release|Any CPU
		{51BBB89E-B0D6-4A44-BEF1-612F212390DB}.Release|x64.Build.0 = Release|Any CPU
		{51BBB89E-B0D6-4A44-BEF1-612F212390DB}.Release|x86.ActiveCfg = Release|Any CPU
		{51BBB89E-B0D6-4A44-BEF1-612F212390DB}.Release|x86.Build.0 = Release|Any CPU
		{8D80709F-70F5-4790-ACD8-EDC434EF8E44}.Debug|Any CPU.ActiveCfg = Debug|Any CPU
		{8D80709F-70F5-4790-ACD8-EDC434EF8E44}.Debug|Any CPU.Build.0 = Debug|Any CPU
		{8D80709F-70F5-4790-ACD8-EDC434EF8E44}.Debug|x64.ActiveCfg = Debug|Any CPU
		{8D80709F-70F5-4790-ACD8-EDC434EF8E44}.Debug|x64.Build.0 = Debug|Any CPU
		{8D80709F-70F5-4790-ACD8-EDC434EF8E44}.Debug|x86.ActiveCfg = Debug|Any CPU
		{8D80709F-70F5-4790-ACD8-EDC434EF8E44}.Debug|x86.Build.0 = Debug|Any CPU
		{8D80709F-70F5-4790-ACD8-EDC434EF8E44}.Release|Any CPU.ActiveCfg = Release|Any CPU
		{8D80709F-70F5-4790-ACD8-EDC434EF8E44}.Release|Any CPU.Build.0 = Release|Any CPU
		{8D80709F-70F5-4790-ACD8-EDC434EF8E44}.Release|x64.ActiveCfg = Release|Any CPU
		{8D80709F-70F5-4790-ACD8-EDC434EF8E44}.Release|x64.Build.0 = Release|Any CPU
		{8D80709F-70F5-4790-ACD8-EDC434EF8E44}.Release|x86.ActiveCfg = Release|Any CPU
		{8D80709F-70F5-4790-ACD8-EDC434EF8E44}.Release|x86.Build.0 = Release|Any CPU
		{93C7CAD5-B3D9-4F9A-860A-D3F5B54E5EE3}.Debug|Any CPU.ActiveCfg = Debug|Any CPU
		{93C7CAD5-B3D9-4F9A-860A-D3F5B54E5EE3}.Debug|Any CPU.Build.0 = Debug|Any CPU
		{93C7CAD5-B3D9-4F9A-860A-D3F5B54E5EE3}.Debug|x64.ActiveCfg = Debug|Any CPU
		{93C7CAD5-B3D9-4F9A-860A-D3F5B54E5EE3}.Debug|x64.Build.0 = Debug|Any CPU
		{93C7CAD5-B3D9-4F9A-860A-D3F5B54E5EE3}.Debug|x86.ActiveCfg = Debug|Any CPU
		{93C7CAD5-B3D9-4F9A-860A-D3F5B54E5EE3}.Debug|x86.Build.0 = Debug|Any CPU
		{93C7CAD5-B3D9-4F9A-860A-D3F5B54E5EE3}.Release|Any CPU.ActiveCfg = Release|Any CPU
		{93C7CAD5-B3D9-4F9A-860A-D3F5B54E5EE3}.Release|Any CPU.Build.0 = Release|Any CPU
		{93C7CAD5-B3D9-4F9A-860A-D3F5B54E5EE3}.Release|x64.ActiveCfg = Release|Any CPU
		{93C7CAD5-B3D9-4F9A-860A-D3F5B54E5EE3}.Release|x64.Build.0 = Release|Any CPU
		{93C7CAD5-B3D9-4F9A-860A-D3F5B54E5EE3}.Release|x86.ActiveCfg = Release|Any CPU
		{93C7CAD5-B3D9-4F9A-860A-D3F5B54E5EE3}.Release|x86.Build.0 = Release|Any CPU
		{9B3437DE-31A9-435A-ADC6-FADE6BD76CFB}.Debug|Any CPU.ActiveCfg = Debug|Any CPU
		{9B3437DE-31A9-435A-ADC6-FADE6BD76CFB}.Debug|Any CPU.Build.0 = Debug|Any CPU
		{9B3437DE-31A9-435A-ADC6-FADE6BD76CFB}.Debug|x64.ActiveCfg = Debug|Any CPU
		{9B3437DE-31A9-435A-ADC6-FADE6BD76CFB}.Debug|x64.Build.0 = Debug|Any CPU
		{9B3437DE-31A9-435A-ADC6-FADE6BD76CFB}.Debug|x86.ActiveCfg = Debug|Any CPU
		{9B3437DE-31A9-435A-ADC6-FADE6BD76CFB}.Debug|x86.Build.0 = Debug|Any CPU
		{9B3437DE-31A9-435A-ADC6-FADE6BD76CFB}.Release|Any CPU.ActiveCfg = Release|Any CPU
		{9B3437DE-31A9-435A-ADC6-FADE6BD76CFB}.Release|Any CPU.Build.0 = Release|Any CPU
		{9B3437DE-31A9-435A-ADC6-FADE6BD76CFB}.Release|x64.ActiveCfg = Release|Any CPU
		{9B3437DE-31A9-435A-ADC6-FADE6BD76CFB}.Release|x64.Build.0 = Release|Any CPU
		{9B3437DE-31A9-435A-ADC6-FADE6BD76CFB}.Release|x86.ActiveCfg = Release|Any CPU
		{9B3437DE-31A9-435A-ADC6-FADE6BD76CFB}.Release|x86.Build.0 = Release|Any CPU
		{7662ED7E-15FD-44FF-AB3C-91D27A64A8D8}.Debug|Any CPU.ActiveCfg = Debug|Any CPU
		{7662ED7E-15FD-44FF-AB3C-91D27A64A8D8}.Debug|Any CPU.Build.0 = Debug|Any CPU
		{7662ED7E-15FD-44FF-AB3C-91D27A64A8D8}.Debug|x64.ActiveCfg = Debug|Any CPU
		{7662ED7E-15FD-44FF-AB3C-91D27A64A8D8}.Debug|x64.Build.0 = Debug|Any CPU
		{7662ED7E-15FD-44FF-AB3C-91D27A64A8D8}.Debug|x86.ActiveCfg = Debug|Any CPU
		{7662ED7E-15FD-44FF-AB3C-91D27A64A8D8}.Debug|x86.Build.0 = Debug|Any CPU
		{7662ED7E-15FD-44FF-AB3C-91D27A64A8D8}.Release|Any CPU.ActiveCfg = Release|Any CPU
		{7662ED7E-15FD-44FF-AB3C-91D27A64A8D8}.Release|Any CPU.Build.0 = Release|Any CPU
		{7662ED7E-15FD-44FF-AB3C-91D27A64A8D8}.Release|x64.ActiveCfg = Release|Any CPU
		{7662ED7E-15FD-44FF-AB3C-91D27A64A8D8}.Release|x64.Build.0 = Release|Any CPU
		{7662ED7E-15FD-44FF-AB3C-91D27A64A8D8}.Release|x86.ActiveCfg = Release|Any CPU
		{7662ED7E-15FD-44FF-AB3C-91D27A64A8D8}.Release|x86.Build.0 = Release|Any CPU
		{0E9ABC5D-9AD3-4B01-8C12-26B549E4FF39}.Debug|Any CPU.ActiveCfg = Debug|Any CPU
		{0E9ABC5D-9AD3-4B01-8C12-26B549E4FF39}.Debug|Any CPU.Build.0 = Debug|Any CPU
		{0E9ABC5D-9AD3-4B01-8C12-26B549E4FF39}.Debug|x64.ActiveCfg = Debug|Any CPU
		{0E9ABC5D-9AD3-4B01-8C12-26B549E4FF39}.Debug|x64.Build.0 = Debug|Any CPU
		{0E9ABC5D-9AD3-4B01-8C12-26B549E4FF39}.Debug|x86.ActiveCfg = Debug|Any CPU
		{0E9ABC5D-9AD3-4B01-8C12-26B549E4FF39}.Debug|x86.Build.0 = Debug|Any CPU
		{0E9ABC5D-9AD3-4B01-8C12-26B549E4FF39}.Release|Any CPU.ActiveCfg = Release|Any CPU
		{0E9ABC5D-9AD3-4B01-8C12-26B549E4FF39}.Release|Any CPU.Build.0 = Release|Any CPU
		{0E9ABC5D-9AD3-4B01-8C12-26B549E4FF39}.Release|x64.ActiveCfg = Release|Any CPU
		{0E9ABC5D-9AD3-4B01-8C12-26B549E4FF39}.Release|x64.Build.0 = Release|Any CPU
		{0E9ABC5D-9AD3-4B01-8C12-26B549E4FF39}.Release|x86.ActiveCfg = Release|Any CPU
		{0E9ABC5D-9AD3-4B01-8C12-26B549E4FF39}.Release|x86.Build.0 = Release|Any CPU
		{C73E0B1F-4496-407E-B527-D883257A37CA}.Debug|Any CPU.ActiveCfg = Debug|Any CPU
		{C73E0B1F-4496-407E-B527-D883257A37CA}.Debug|Any CPU.Build.0 = Debug|Any CPU
		{C73E0B1F-4496-407E-B527-D883257A37CA}.Debug|x64.ActiveCfg = Debug|Any CPU
		{C73E0B1F-4496-407E-B527-D883257A37CA}.Debug|x64.Build.0 = Debug|Any CPU
		{C73E0B1F-4496-407E-B527-D883257A37CA}.Debug|x86.ActiveCfg = Debug|Any CPU
		{C73E0B1F-4496-407E-B527-D883257A37CA}.Debug|x86.Build.0 = Debug|Any CPU
		{C73E0B1F-4496-407E-B527-D883257A37CA}.Release|Any CPU.ActiveCfg = Release|Any CPU
		{C73E0B1F-4496-407E-B527-D883257A37CA}.Release|Any CPU.Build.0 = Release|Any CPU
		{C73E0B1F-4496-407E-B527-D883257A37CA}.Release|x64.ActiveCfg = Release|Any CPU
		{C73E0B1F-4496-407E-B527-D883257A37CA}.Release|x64.Build.0 = Release|Any CPU
		{C73E0B1F-4496-407E-B527-D883257A37CA}.Release|x86.ActiveCfg = Release|Any CPU
		{C73E0B1F-4496-407E-B527-D883257A37CA}.Release|x86.Build.0 = Release|Any CPU
		{F0DB714B-31EC-4C68-A4B0-77DBE0C25A86}.Debug|Any CPU.ActiveCfg = Debug|Any CPU
		{F0DB714B-31EC-4C68-A4B0-77DBE0C25A86}.Debug|Any CPU.Build.0 = Debug|Any CPU
		{F0DB714B-31EC-4C68-A4B0-77DBE0C25A86}.Debug|x64.ActiveCfg = Debug|Any CPU
		{F0DB714B-31EC-4C68-A4B0-77DBE0C25A86}.Debug|x64.Build.0 = Debug|Any CPU
		{F0DB714B-31EC-4C68-A4B0-77DBE0C25A86}.Debug|x86.ActiveCfg = Debug|Any CPU
		{F0DB714B-31EC-4C68-A4B0-77DBE0C25A86}.Debug|x86.Build.0 = Debug|Any CPU
		{F0DB714B-31EC-4C68-A4B0-77DBE0C25A86}.Release|Any CPU.ActiveCfg = Release|Any CPU
		{F0DB714B-31EC-4C68-A4B0-77DBE0C25A86}.Release|Any CPU.Build.0 = Release|Any CPU
		{F0DB714B-31EC-4C68-A4B0-77DBE0C25A86}.Release|x64.ActiveCfg = Release|Any CPU
		{F0DB714B-31EC-4C68-A4B0-77DBE0C25A86}.Release|x64.Build.0 = Release|Any CPU
		{F0DB714B-31EC-4C68-A4B0-77DBE0C25A86}.Release|x86.ActiveCfg = Release|Any CPU
		{F0DB714B-31EC-4C68-A4B0-77DBE0C25A86}.Release|x86.Build.0 = Release|Any CPU
		{77BA84E5-1DB2-4146-B6D1-F734675A0B44}.Debug|Any CPU.ActiveCfg = Debug|Any CPU
		{77BA84E5-1DB2-4146-B6D1-F734675A0B44}.Debug|Any CPU.Build.0 = Debug|Any CPU
		{77BA84E5-1DB2-4146-B6D1-F734675A0B44}.Debug|x64.ActiveCfg = Debug|Any CPU
		{77BA84E5-1DB2-4146-B6D1-F734675A0B44}.Debug|x64.Build.0 = Debug|Any CPU
		{77BA84E5-1DB2-4146-B6D1-F734675A0B44}.Debug|x86.ActiveCfg = Debug|Any CPU
		{77BA84E5-1DB2-4146-B6D1-F734675A0B44}.Debug|x86.Build.0 = Debug|Any CPU
		{77BA84E5-1DB2-4146-B6D1-F734675A0B44}.Release|Any CPU.ActiveCfg = Release|Any CPU
		{77BA84E5-1DB2-4146-B6D1-F734675A0B44}.Release|Any CPU.Build.0 = Release|Any CPU
		{77BA84E5-1DB2-4146-B6D1-F734675A0B44}.Release|x64.ActiveCfg = Release|Any CPU
		{77BA84E5-1DB2-4146-B6D1-F734675A0B44}.Release|x64.Build.0 = Release|Any CPU
		{77BA84E5-1DB2-4146-B6D1-F734675A0B44}.Release|x86.ActiveCfg = Release|Any CPU
		{77BA84E5-1DB2-4146-B6D1-F734675A0B44}.Release|x86.Build.0 = Release|Any CPU
		{A2A02E61-59EA-46E7-BD85-1DF7BF0DBF68}.Debug|Any CPU.ActiveCfg = Debug|Any CPU
		{A2A02E61-59EA-46E7-BD85-1DF7BF0DBF68}.Debug|Any CPU.Build.0 = Debug|Any CPU
		{A2A02E61-59EA-46E7-BD85-1DF7BF0DBF68}.Debug|x64.ActiveCfg = Debug|Any CPU
		{A2A02E61-59EA-46E7-BD85-1DF7BF0DBF68}.Debug|x64.Build.0 = Debug|Any CPU
		{A2A02E61-59EA-46E7-BD85-1DF7BF0DBF68}.Debug|x86.ActiveCfg = Debug|Any CPU
		{A2A02E61-59EA-46E7-BD85-1DF7BF0DBF68}.Debug|x86.Build.0 = Debug|Any CPU
		{A2A02E61-59EA-46E7-BD85-1DF7BF0DBF68}.Release|Any CPU.ActiveCfg = Release|Any CPU
		{A2A02E61-59EA-46E7-BD85-1DF7BF0DBF68}.Release|Any CPU.Build.0 = Release|Any CPU
		{A2A02E61-59EA-46E7-BD85-1DF7BF0DBF68}.Release|x64.ActiveCfg = Release|Any CPU
		{A2A02E61-59EA-46E7-BD85-1DF7BF0DBF68}.Release|x64.Build.0 = Release|Any CPU
		{A2A02E61-59EA-46E7-BD85-1DF7BF0DBF68}.Release|x86.ActiveCfg = Release|Any CPU
		{A2A02E61-59EA-46E7-BD85-1DF7BF0DBF68}.Release|x86.Build.0 = Release|Any CPU
		{E9CC7F47-0C77-4359-8D0C-81BB38D3277D}.Debug|Any CPU.ActiveCfg = Debug|Any CPU
		{E9CC7F47-0C77-4359-8D0C-81BB38D3277D}.Debug|Any CPU.Build.0 = Debug|Any CPU
		{E9CC7F47-0C77-4359-8D0C-81BB38D3277D}.Debug|x64.ActiveCfg = Debug|Any CPU
		{E9CC7F47-0C77-4359-8D0C-81BB38D3277D}.Debug|x64.Build.0 = Debug|Any CPU
		{E9CC7F47-0C77-4359-8D0C-81BB38D3277D}.Debug|x86.ActiveCfg = Debug|Any CPU
		{E9CC7F47-0C77-4359-8D0C-81BB38D3277D}.Debug|x86.Build.0 = Debug|Any CPU
		{E9CC7F47-0C77-4359-8D0C-81BB38D3277D}.Release|Any CPU.ActiveCfg = Release|Any CPU
		{E9CC7F47-0C77-4359-8D0C-81BB38D3277D}.Release|Any CPU.Build.0 = Release|Any CPU
		{E9CC7F47-0C77-4359-8D0C-81BB38D3277D}.Release|x64.ActiveCfg = Release|Any CPU
		{E9CC7F47-0C77-4359-8D0C-81BB38D3277D}.Release|x64.Build.0 = Release|Any CPU
		{E9CC7F47-0C77-4359-8D0C-81BB38D3277D}.Release|x86.ActiveCfg = Release|Any CPU
		{E9CC7F47-0C77-4359-8D0C-81BB38D3277D}.Release|x86.Build.0 = Release|Any CPU
	EndGlobalSection
	GlobalSection(SolutionProperties) = preSolution
		HideSolutionNode = FALSE
	EndGlobalSection
	GlobalSection(ExtensibilityGlobals) = postSolution
		SolutionGuid = {8679D4CD-3CC5-4452-8BA4-F50646C1AFE9}
	EndGlobalSection
EndGlobal
